
Microsoft Visual Studio Solution File, Format Version 12.00
# Visual Studio Version 17
VisualStudioVersion = 17.3.32819.101
MinimumVisualStudioVersion = 10.0.40219.1
Project("{8BC9CEB8-8B4A-11D0-8D11-00A0C91BC942}") = "Server", "Server.vcxproj", "{76D186CE-4012-4A36-95FA-53BF9877B2FD}"
EndProject
Project("{8BC9CEB8-8B4A-11D0-8D11-00A0C91BC942}") = "TCPServer", "..\TCPServer\TCPServer.vcxproj", "{628115E5-05EA-47FB-830C-795801F6103A}"
EndProject
Project("{8BC9CEB8-8B4A-11D0-8D11-00A0C91BC942}") = "TCPClient", "..\TCPClient\TCPClient.vcxproj", "{91F7CBB3-4AB6-4275-A1F4-7BFCA0DE454D}"
EndProject
Project("{8BC9CEB8-8B4A-11D0-8D11-00A0C91BC942}") = "Dummy", "..\Dummy\Dummy.vcxproj", "{F2717EA3-A42C-4E75-892B-FEBB2B354D85}"
EndProject
Project("{8BC9CEB8-8B4A-11D0-8D11-00A0C91BC942}") = "UDPServer", "..\UDPServer\UDPServer.vcxproj", "{648AA004-0783-4820-BBB3-9A11B11B24BF}"
EndProject
Project("{8BC9CEB8-8B4A-11D0-8D11-00A0C91BC942}") = "UDPClient", "..\UDPClient\UDPClient.vcxproj", "{E624C9DC-1236-4812-9789-763972A0FBE6}"
EndProject
Project("{8BC9CEB8-8B4A-11D0-8D11-00A0C91BC942}") = "WinApp", "..\WinApp\WinApp.vcxproj", "{FCD37B9F-00A1-4CD4-9DAE-B10DFEA22987}"
EndProject
Project("{8BC9CEB8-8B4A-11D0-8D11-00A0C91BC942}") = "GUITCPServer", "..\GUITCPServer\GUITCPServer.vcxproj", "{10608B7D-E3E8-462E-B10A-B5166A1300AF}"
EndProject
Project("{8BC9CEB8-8B4A-11D0-8D11-00A0C91BC942}") = "DlgApp", "..\DlgApp\DlgApp.vcxproj", "{09FE558C-1A3C-43F8-A12E-D742326FBFE2}"
EndProject
Project("{8BC9CEB8-8B4A-11D0-8D11-00A0C91BC942}") = "GUITCPClient", "..\GUITCPClient\GUITCPClient.vcxproj", "{99FFF1D5-697D-4938-A44F-2255EE5F5161}"
EndProject
Project("{8BC9CEB8-8B4A-11D0-8D11-00A0C91BC942}") = "CommServer", "..\CommServer\CommServer.vcxproj", "{A484A19A-2E18-4B71-A3BC-C0C025445DCC}"
EndProject
Project("{8BC9CEB8-8B4A-11D0-8D11-00A0C91BC942}") = "CommClient", "..\CommClient\CommClient.vcxproj", "{ACC2AC7E-14E4-4555-8BEB-05805B48D6CF}"
EndProject
Project("{8BC9CEB8-8B4A-11D0-8D11-00A0C91BC942}") = "BtnDevSearch", "..\BtnDevSearch\BtnDevSearch.vcxproj", "{46130E78-4967-402E-BB62-B6966920B196}"
EndProject
Project("{8BC9CEB8-8B4A-11D0-8D11-00A0C91BC942}") = "GUIFTPServer", "..\GUIFTPServer\GUIFTPServer.vcxproj", "{43CBC901-D8AF-4F23-B890-EAC9F677E643}"
EndProject
Project("{8BC9CEB8-8B4A-11D0-8D11-00A0C91BC942}") = "GUIFTPClient", "..\GUIFTPClient\GUIFTPClient.vcxproj", "{F6426148-FB08-4E2C-A015-9FF3C878891B}"
EndProject
Project("{8BC9CEB8-8B4A-11D0-8D11-00A0C91BC942}") = "BthServer", "..\BthServer\BthServer.vcxproj", "{921BE452-3A27-4E78-BC91-E37A1E092351}"
EndProject
Project("{8BC9CEB8-8B4A-11D0-8D11-00A0C91BC942}") = "BthClient", "..\BthClient\BthClient.vcxproj", "{E3C791E3-DAF6-44F1-BB40-0421707AAB5A}"
EndProject
Project("{8BC9CEB8-8B4A-11D0-8D11-00A0C91BC942}") = "PrjClient", "..\PrjClient\PrjClient.vcxproj", "{C3AB393C-2C56-4F89-98C3-631436499CA2}"
EndProject
Project("{8BC9CEB8-8B4A-11D0-8D11-00A0C91BC942}") = "PrjServer", "..\PrjServer\PrjServer.vcxproj", "{0D610B80-26EE-47DF-B280-7F41A1440DCC}"
EndProject
Global
	GlobalSection(SolutionConfigurationPlatforms) = preSolution
		Debug|x64 = Debug|x64
		Debug|x86 = Debug|x86
		Release|x64 = Release|x64
		Release|x86 = Release|x86
	EndGlobalSection
	GlobalSection(ProjectConfigurationPlatforms) = postSolution
		{76D186CE-4012-4A36-95FA-53BF9877B2FD}.Debug|x64.ActiveCfg = Debug|x64
		{76D186CE-4012-4A36-95FA-53BF9877B2FD}.Debug|x64.Build.0 = Debug|x64
		{76D186CE-4012-4A36-95FA-53BF9877B2FD}.Debug|x86.ActiveCfg = Debug|Win32
		{76D186CE-4012-4A36-95FA-53BF9877B2FD}.Debug|x86.Build.0 = Debug|Win32
		{76D186CE-4012-4A36-95FA-53BF9877B2FD}.Release|x64.ActiveCfg = Release|x64
		{76D186CE-4012-4A36-95FA-53BF9877B2FD}.Release|x86.ActiveCfg = Release|Win32
		{76D186CE-4012-4A36-95FA-53BF9877B2FD}.Release|x86.Build.0 = Release|Win32
		{628115E5-05EA-47FB-830C-795801F6103A}.Debug|x64.ActiveCfg = Debug|x64
		{628115E5-05EA-47FB-830C-795801F6103A}.Debug|x64.Build.0 = Debug|x64
		{628115E5-05EA-47FB-830C-795801F6103A}.Debug|x86.ActiveCfg = Debug|Win32
		{628115E5-05EA-47FB-830C-795801F6103A}.Debug|x86.Build.0 = Debug|Win32
		{628115E5-05EA-47FB-830C-795801F6103A}.Release|x64.ActiveCfg = Release|x64
		{628115E5-05EA-47FB-830C-795801F6103A}.Release|x86.ActiveCfg = Release|Win32
		{628115E5-05EA-47FB-830C-795801F6103A}.Release|x86.Build.0 = Release|Win32
		{91F7CBB3-4AB6-4275-A1F4-7BFCA0DE454D}.Debug|x64.ActiveCfg = Debug|x64
		{91F7CBB3-4AB6-4275-A1F4-7BFCA0DE454D}.Debug|x64.Build.0 = Debug|x64
		{91F7CBB3-4AB6-4275-A1F4-7BFCA0DE454D}.Debug|x86.ActiveCfg = Debug|Win32
		{91F7CBB3-4AB6-4275-A1F4-7BFCA0DE454D}.Debug|x86.Build.0 = Debug|Win32
		{91F7CBB3-4AB6-4275-A1F4-7BFCA0DE454D}.Release|x64.ActiveCfg = Release|x64
		{91F7CBB3-4AB6-4275-A1F4-7BFCA0DE454D}.Release|x86.ActiveCfg = Release|Win32
		{91F7CBB3-4AB6-4275-A1F4-7BFCA0DE454D}.Release|x86.Build.0 = Release|Win32
		{F2717EA3-A42C-4E75-892B-FEBB2B354D85}.Debug|x64.ActiveCfg = Debug|x64
		{F2717EA3-A42C-4E75-892B-FEBB2B354D85}.Debug|x64.Build.0 = Debug|x64
		{F2717EA3-A42C-4E75-892B-FEBB2B354D85}.Debug|x86.ActiveCfg = Debug|Win32
		{F2717EA3-A42C-4E75-892B-FEBB2B354D85}.Debug|x86.Build.0 = Debug|Win32
		{F2717EA3-A42C-4E75-892B-FEBB2B354D85}.Release|x64.ActiveCfg = Release|x64
		{F2717EA3-A42C-4E75-892B-FEBB2B354D85}.Release|x86.ActiveCfg = Release|Win32
		{F2717EA3-A42C-4E75-892B-FEBB2B354D85}.Release|x86.Build.0 = Release|Win32
		{648AA004-0783-4820-BBB3-9A11B11B24BF}.Debug|x64.ActiveCfg = Debug|x64
		{648AA004-0783-4820-BBB3-9A11B11B24BF}.Debug|x64.Build.0 = Debug|x64
		{648AA004-0783-4820-BBB3-9A11B11B24BF}.Debug|x86.ActiveCfg = Debug|Win32
		{648AA004-0783-4820-BBB3-9A11B11B24BF}.Debug|x86.Build.0 = Debug|Win32
		{648AA004-0783-4820-BBB3-9A11B11B24BF}.Release|x64.ActiveCfg = Release|x64
		{648AA004-0783-4820-BBB3-9A11B11B24BF}.Release|x86.ActiveCfg = Release|Win32
		{648AA004-0783-4820-BBB3-9A11B11B24BF}.Release|x86.Build.0 = Release|Win32
		{E624C9DC-1236-4812-9789-763972A0FBE6}.Debug|x64.ActiveCfg = Debug|x64
		{E624C9DC-1236-4812-9789-763972A0FBE6}.Debug|x64.Build.0 = Debug|x64
		{E624C9DC-1236-4812-9789-763972A0FBE6}.Debug|x86.ActiveCfg = Debug|Win32
		{E624C9DC-1236-4812-9789-763972A0FBE6}.Debug|x86.Build.0 = Debug|Win32
		{E624C9DC-1236-4812-9789-763972A0FBE6}.Release|x64.ActiveCfg = Release|x64
		{E624C9DC-1236-4812-9789-763972A0FBE6}.Release|x86.ActiveCfg = Release|Win32
		{E624C9DC-1236-4812-9789-763972A0FBE6}.Release|x86.Build.0 = Release|Win32
		{FCD37B9F-00A1-4CD4-9DAE-B10DFEA22987}.Debug|x64.ActiveCfg = Debug|x64
		{FCD37B9F-00A1-4CD4-9DAE-B10DFEA22987}.Debug|x64.Build.0 = Debug|x64
		{FCD37B9F-00A1-4CD4-9DAE-B10DFEA22987}.Debug|x86.ActiveCfg = Debug|Win32
		{FCD37B9F-00A1-4CD4-9DAE-B10DFEA22987}.Debug|x86.Build.0 = Debug|Win32
		{FCD37B9F-00A1-4CD4-9DAE-B10DFEA22987}.Release|x64.ActiveCfg = Release|x64
		{FCD37B9F-00A1-4CD4-9DAE-B10DFEA22987}.Release|x86.ActiveCfg = Release|Win32
		{FCD37B9F-00A1-4CD4-9DAE-B10DFEA22987}.Release|x86.Build.0 = Release|Win32
		{10608B7D-E3E8-462E-B10A-B5166A1300AF}.Debug|x64.ActiveCfg = Debug|x64
		{10608B7D-E3E8-462E-B10A-B5166A1300AF}.Debug|x64.Build.0 = Debug|x64
		{10608B7D-E3E8-462E-B10A-B5166A1300AF}.Debug|x86.ActiveCfg = Debug|Win32
		{10608B7D-E3E8-462E-B10A-B5166A1300AF}.Debug|x86.Build.0 = Debug|Win32
		{10608B7D-E3E8-462E-B10A-B5166A1300AF}.Release|x64.ActiveCfg = Release|x64
		{10608B7D-E3E8-462E-B10A-B5166A1300AF}.Release|x86.ActiveCfg = Release|Win32
		{10608B7D-E3E8-462E-B10A-B5166A1300AF}.Release|x86.Build.0 = Release|Win32
		{09FE558C-1A3C-43F8-A12E-D742326FBFE2}.Debug|x64.ActiveCfg = Debug|x64
		{09FE558C-1A3C-43F8-A12E-D742326FBFE2}.Debug|x64.Build.0 = Debug|x64
		{09FE558C-1A3C-43F8-A12E-D742326FBFE2}.Debug|x86.ActiveCfg = Debug|Win32
		{09FE558C-1A3C-43F8-A12E-D742326FBFE2}.Debug|x86.Build.0 = Debug|Win32
		{09FE558C-1A3C-43F8-A12E-D742326FBFE2}.Release|x64.ActiveCfg = Release|x64
		{09FE558C-1A3C-43F8-A12E-D742326FBFE2}.Release|x86.ActiveCfg = Release|Win32
		{09FE558C-1A3C-43F8-A12E-D742326FBFE2}.Release|x86.Build.0 = Release|Win32
		{99FFF1D5-697D-4938-A44F-2255EE5F5161}.Debug|x64.ActiveCfg = Debug|x64
		{99FFF1D5-697D-4938-A44F-2255EE5F5161}.Debug|x64.Build.0 = Debug|x64
		{99FFF1D5-697D-4938-A44F-2255EE5F5161}.Debug|x86.ActiveCfg = Debug|Win32
		{99FFF1D5-697D-4938-A44F-2255EE5F5161}.Debug|x86.Build.0 = Debug|Win32
		{99FFF1D5-697D-4938-A44F-2255EE5F5161}.Release|x64.ActiveCfg = Release|x64
		{99FFF1D5-697D-4938-A44F-2255EE5F5161}.Release|x86.ActiveCfg = Release|Win32
		{99FFF1D5-697D-4938-A44F-2255EE5F5161}.Release|x86.Build.0 = Release|Win32
		{A484A19A-2E18-4B71-A3BC-C0C025445DCC}.Debug|x64.ActiveCfg = Debug|x64
		{A484A19A-2E18-4B71-A3BC-C0C025445DCC}.Debug|x64.Build.0 = Debug|x64
		{A484A19A-2E18-4B71-A3BC-C0C025445DCC}.Debug|x86.ActiveCfg = Debug|Win32
		{A484A19A-2E18-4B71-A3BC-C0C025445DCC}.Debug|x86.Build.0 = Debug|Win32
		{A484A19A-2E18-4B71-A3BC-C0C025445DCC}.Release|x64.ActiveCfg = Release|x64
		{A484A19A-2E18-4B71-A3BC-C0C025445DCC}.Release|x86.ActiveCfg = Release|Win32
		{A484A19A-2E18-4B71-A3BC-C0C025445DCC}.Release|x86.Build.0 = Release|Win32
		{ACC2AC7E-14E4-4555-8BEB-05805B48D6CF}.Debug|x64.ActiveCfg = Debug|x64
		{ACC2AC7E-14E4-4555-8BEB-05805B48D6CF}.Debug|x64.Build.0 = Debug|x64
		{ACC2AC7E-14E4-4555-8BEB-05805B48D6CF}.Debug|x86.ActiveCfg = Debug|Win32
		{ACC2AC7E-14E4-4555-8BEB-05805B48D6CF}.Debug|x86.Build.0 = Debug|Win32
		{ACC2AC7E-14E4-4555-8BEB-05805B48D6CF}.Release|x64.ActiveCfg = Release|x64
		{ACC2AC7E-14E4-4555-8BEB-05805B48D6CF}.Release|x86.ActiveCfg = Release|Win32
		{ACC2AC7E-14E4-4555-8BEB-05805B48D6CF}.Release|x86.Build.0 = Release|Win32
		{46130E78-4967-402E-BB62-B6966920B196}.Debug|x64.ActiveCfg = Debug|x64
		{46130E78-4967-402E-BB62-B6966920B196}.Debug|x64.Build.0 = Debug|x64
		{46130E78-4967-402E-BB62-B6966920B196}.Debug|x86.ActiveCfg = Debug|Win32
		{46130E78-4967-402E-BB62-B6966920B196}.Debug|x86.Build.0 = Debug|Win32
		{46130E78-4967-402E-BB62-B6966920B196}.Release|x64.ActiveCfg = Release|x64
		{46130E78-4967-402E-BB62-B6966920B196}.Release|x86.ActiveCfg = Release|Win32
		{46130E78-4967-402E-BB62-B6966920B196}.Release|x86.Build.0 = Release|Win32
		{43CBC901-D8AF-4F23-B890-EAC9F677E643}.Debug|x64.ActiveCfg = Debug|x64
		{43CBC901-D8AF-4F23-B890-EAC9F677E643}.Debug|x64.Build.0 = Debug|x64
		{43CBC901-D8AF-4F23-B890-EAC9F677E643}.Debug|x86.ActiveCfg = Debug|Win32
		{43CBC901-D8AF-4F23-B890-EAC9F677E643}.Debug|x86.Build.0 = Debug|Win32
		{43CBC901-D8AF-4F23-B890-EAC9F677E643}.Release|x64.ActiveCfg = Release|x64
		{43CBC901-D8AF-4F23-B890-EAC9F677E643}.Release|x86.ActiveCfg = Release|Win32
		{43CBC901-D8AF-4F23-B890-EAC9F677E643}.Release|x86.Build.0 = Release|Win32
		{F6426148-FB08-4E2C-A015-9FF3C878891B}.Debug|x64.ActiveCfg = Debug|x64
		{F6426148-FB08-4E2C-A015-9FF3C878891B}.Debug|x64.Build.0 = Debug|x64
		{F6426148-FB08-4E2C-A015-9FF3C878891B}.Debug|x86.ActiveCfg = Debug|Win32
		{F6426148-FB08-4E2C-A015-9FF3C878891B}.Debug|x86.Build.0 = Debug|Win32
		{F6426148-FB08-4E2C-A015-9FF3C878891B}.Release|x64.ActiveCfg = Release|x64
		{F6426148-FB08-4E2C-A015-9FF3C878891B}.Release|x86.ActiveCfg = Release|Win32
		{F6426148-FB08-4E2C-A015-9FF3C878891B}.Release|x86.Build.0 = Release|Win32
		{921BE452-3A27-4E78-BC91-E37A1E092351}.Debug|x64.ActiveCfg = Debug|x64
		{921BE452-3A27-4E78-BC91-E37A1E092351}.Debug|x64.Build.0 = Debug|x64
		{921BE452-3A27-4E78-BC91-E37A1E092351}.Debug|x86.ActiveCfg = Debug|Win32
		{921BE452-3A27-4E78-BC91-E37A1E092351}.Debug|x86.Build.0 = Debug|Win32
		{921BE452-3A27-4E78-BC91-E37A1E092351}.Release|x64.ActiveCfg = Release|x64
		{921BE452-3A27-4E78-BC91-E37A1E092351}.Release|x86.ActiveCfg = Release|Win32
		{921BE452-3A27-4E78-BC91-E37A1E092351}.Release|x86.Build.0 = Release|Win32
		{E3C791E3-DAF6-44F1-BB40-0421707AAB5A}.Debug|x64.ActiveCfg = Debug|x64
		{E3C791E3-DAF6-44F1-BB40-0421707AAB5A}.Debug|x64.Build.0 = Debug|x64
		{E3C791E3-DAF6-44F1-BB40-0421707AAB5A}.Debug|x86.ActiveCfg = Debug|Win32
		{E3C791E3-DAF6-44F1-BB40-0421707AAB5A}.Debug|x86.Build.0 = Debug|Win32
		{E3C791E3-DAF6-44F1-BB40-0421707AAB5A}.Release|x64.ActiveCfg = Release|x64
		{E3C791E3-DAF6-44F1-BB40-0421707AAB5A}.Release|x86.ActiveCfg = Release|Win32
		{E3C791E3-DAF6-44F1-BB40-0421707AAB5A}.Release|x86.Build.0 = Release|Win32
		{C3AB393C-2C56-4F89-98C3-631436499CA2}.Debug|x64.ActiveCfg = Debug|x64
		{C3AB393C-2C56-4F89-98C3-631436499CA2}.Debug|x64.Build.0 = Debug|x64
		{C3AB393C-2C56-4F89-98C3-631436499CA2}.Debug|x86.ActiveCfg = Debug|Win32
		{C3AB393C-2C56-4F89-98C3-631436499CA2}.Debug|x86.Build.0 = Debug|Win32
		{C3AB393C-2C56-4F89-98C3-631436499CA2}.Release|x64.ActiveCfg = Release|x64
		{C3AB393C-2C56-4F89-98C3-631436499CA2}.Release|x64.Build.0 = Release|x64
		{C3AB393C-2C56-4F89-98C3-631436499CA2}.Release|x86.ActiveCfg = Release|Win32
		{C3AB393C-2C56-4F89-98C3-631436499CA2}.Release|x86.Build.0 = Release|Win32
		{0D610B80-26EE-47DF-B280-7F41A1440DCC}.Debug|x64.ActiveCfg = Debug|x64
		{0D610B80-26EE-47DF-B280-7F41A1440DCC}.Debug|x64.Build.0 = Debug|x64
		{0D610B80-26EE-47DF-B280-7F41A1440DCC}.Debug|x86.ActiveCfg = Debug|Win32
		{0D610B80-26EE-47DF-B280-7F41A1440DCC}.Debug|x86.Build.0 = Debug|Win32
		{0D610B80-26EE-47DF-B280-7F41A1440DCC}.Release|x64.ActiveCfg = Release|x64
		{0D610B80-26EE-47DF-B280-7F41A1440DCC}.Release|x64.Build.0 = Release|x64
		{0D610B80-26EE-47DF-B280-7F41A1440DCC}.Release|x86.ActiveCfg = Release|Win32
		{0D610B80-26EE-47DF-B280-7F41A1440DCC}.Release|x86.Build.0 = Release|Win32
	EndGlobalSection
	GlobalSection(SolutionProperties) = preSolution
		HideSolutionNode = FALSE
	EndGlobalSection
	GlobalSection(ExtensibilityGlobals) = postSolution
		SolutionGuid = {0583E661-9C0F-4CB6-AF76-D70C0474EB0C}
	EndGlobalSection
EndGlobal
